
Microsoft Visual Studio Solution File, Format Version 12.00
# Visual Studio 2013
VisualStudioVersion = 12.0.31101.0
MinimumVisualStudioVersion = 10.0.40219.1
Project("{FAE04EC0-301F-11D3-BF4B-00C04F79EFBC}") = "N2F 2.0", "CSharp\N2F 2.0.csproj", "{4F126D1A-4DEE-48F5-B8B7-EFD98638CEA9}"
EndProject
Project("{2150E333-8FDC-42A3-9474-1A3956D46DE8}") = "Resources", "Resources", "{96438668-D2DE-4937-B2C1-CD84B0B5A0B6}"
	ProjectSection(SolutionItems) = preProject
		.gitignore = .gitignore
	EndProjectSection
EndProject
Global
	GlobalSection(SolutionConfigurationPlatforms) = preSolution
		Debug|Any CPU = Debug|Any CPU
		Release|Any CPU = Release|Any CPU
	EndGlobalSection
	GlobalSection(ProjectConfigurationPlatforms) = postSolution
		{4F126D1A-4DEE-48F5-B8B7-EFD98638CEA9}.Debug|Any CPU.ActiveCfg = Debug|Any CPU
		{4F126D1A-4DEE-48F5-B8B7-EFD98638CEA9}.Debug|Any CPU.Build.0 = Debug|Any CPU
		{4F126D1A-4DEE-48F5-B8B7-EFD98638CEA9}.Release|Any CPU.ActiveCfg = Release|Any CPU
		{4F126D1A-4DEE-48F5-B8B7-EFD98638CEA9}.Release|Any CPU.Build.0 = Release|Any CPU
	EndGlobalSection
	GlobalSection(SolutionProperties) = preSolution
		HideSolutionNode = FALSE
	EndGlobalSection
EndGlobal
