<?xml version="1.0" encoding="utf-8"?>
<Project ToolsVersion="4.0" xmlns="http://schemas.microsoft.com/developer/msbuild/2003">
  <ItemGroup>
    <Filter Include="Source Files">
      <UniqueIdentifier>{4FC737F1-C7A5-4376-A066-2A32D752A2FF}</UniqueIdentifier>
      <Extensions>cpp;c;cc;cxx;def;odl;idl;hpj;bat;asm;asmx</Extensions>
    </Filter>
    <Filter Include="Header Files">
      <UniqueIdentifier>{93995380-89BD-4b04-88EB-625FBE52EBFB}</UniqueIdentifier>
      <Extensions>h;hh;hpp;hxx;hm;inl;inc;xsd</Extensions>
    </Filter>
    <Filter Include="Resource Files">
      <UniqueIdentifier>{67DA6AB6-F800-4c08-8B7A-83BB121AAD01}</UniqueIdentifier>
      <Extensions>rc;ico;cur;bmp;dlg;rc2;rct;bin;rgs;gif;jpg;jpeg;jpe;resx;tiff;tif;png;wav;mfcribbon-ms</Extensions>
    </Filter>
    <Filter Include="Header Files\BaseClasses">
      <UniqueIdentifier>{8e2da21d-ae7f-43f2-8ab0-6491a1d8cd6f}</UniqueIdentifier>
    </Filter>
    <Filter Include="Header Files\Dispatches">
      <UniqueIdentifier>{57eb4076-a479-4216-8097-e6444025f203}</UniqueIdentifier>
    </Filter>
    <Filter Include="Header Files\Helpers">
      <UniqueIdentifier>{3cb4e399-64b2-4b61-8d76-752fa68f7e76}</UniqueIdentifier>
    </Filter>
    <Filter Include="Source Files\BaseClasses">
      <UniqueIdentifier>{1a6f0223-3b45-44e5-8388-3a897db87f6a}</UniqueIdentifier>
    </Filter>
    <Filter Include="Source Files\Dispatches">
      <UniqueIdentifier>{670c75b0-2e38-4798-885b-46994f449b40}</UniqueIdentifier>
    </Filter>
  </ItemGroup>
  <ItemGroup>
    <ClInclude Include="..\include\Config.hpp">
      <Filter>Header Files</Filter>
    </ClInclude>
    <ClInclude Include="..\include\Logger.hpp">
      <Filter>Header Files</Filter>
    </ClInclude>
    <ClInclude Include="..\include\N2f.hpp">
      <Filter>Header Files</Filter>
    </ClInclude>
    <ClInclude Include="..\include\BaseClasses\DispatchBase.hpp">
      <Filter>Header Files\BaseClasses</Filter>
    </ClInclude>
    <ClInclude Include="..\include\BaseClasses\NodeBase.hpp">
      <Filter>Header Files\BaseClasses</Filter>
    </ClInclude>
    <ClInclude Include="..\include\Dispatches\CliDispatch.hpp">
      <Filter>Header Files\Dispatches</Filter>
    </ClInclude>
    <ClInclude Include="..\include\Helpers\ChainHelper.hpp">
      <Filter>Header Files\Helpers</Filter>
    </ClInclude>
  </ItemGroup>
  <ItemGroup>
    <ClCompile Include="..\src\BaseClasses\DispatchBase.cpp">
      <Filter>Source Files\BaseClasses</Filter>
    </ClCompile>
    <ClCompile Include="..\src\Dispatches\CliDispatch.cpp">
      <Filter>Source Files\Dispatches</Filter>
    </ClCompile>
    <ClCompile Include="..\src\Config.cpp">
      <Filter>Source Files</Filter>
    </ClCompile>
    <ClCompile Include="..\src\Logger.cpp">
      <Filter>Source Files</Filter>
    </ClCompile>
  </ItemGroup>
</Project>